
Microsoft Visual Studio Solution File, Format Version 12.00
# Visual Studio Version 17
VisualStudioVersion = 17.9.34622.214
MinimumVisualStudioVersion = 10.0.40219.1
Project("{FAE04EC0-301F-11D3-BF4B-00C04F79EFBC}") = "P237_Nest", "P237_Nest\P237_Nest.csproj", "{38201B4D-D0AE-4570-B93C-DE22E9C882F1}"
EndProject
Global
	GlobalSection(SolutionConfigurationPlatforms) = preSolution
		Debug|Any CPU = Debug|Any CPU
		Release|Any CPU = Release|Any CPU
	EndGlobalSection
	GlobalSection(ProjectConfigurationPlatforms) = postSolution
		{38201B4D-D0AE-4570-B93C-DE22E9C882F1}.Debug|Any CPU.ActiveCfg = Debug|Any CPU
		{38201B4D-D0AE-4570-B93C-DE22E9C882F1}.Debug|Any CPU.Build.0 = Debug|Any CPU
		{38201B4D-D0AE-4570-B93C-DE22E9C882F1}.Release|Any CPU.ActiveCfg = Release|Any CPU
		{38201B4D-D0AE-4570-B93C-DE22E9C882F1}.Release|Any CPU.Build.0 = Release|Any CPU
	EndGlobalSection
	GlobalSection(SolutionProperties) = preSolution
		HideSolutionNode = FALSE
	EndGlobalSection
	GlobalSection(ExtensibilityGlobals) = postSolution
		SolutionGuid = {EB0CEB8F-490F-429C-ABEF-0D3D0B203CAA}
	EndGlobalSection
EndGlobal
